
Microsoft Visual Studio Solution File, Format Version 12.00
# Visual Studio Version 17
VisualStudioVersion = 17.9.34622.214
MinimumVisualStudioVersion = 10.0.40219.1
Project("{FAE04EC0-301F-11D3-BF4B-00C04F79EFBC}") = "DoAnWeb_lap2", "DoAnWeb_lap2\DoAnWeb_lap2.csproj", "{70EE8193-F92A-4EB0-A380-96C8443DD74A}"
EndProject
Global
	GlobalSection(SolutionConfigurationPlatforms) = preSolution
		Debug|Any CPU = Debug|Any CPU
		Release|Any CPU = Release|Any CPU
	EndGlobalSection
	GlobalSection(ProjectConfigurationPlatforms) = postSolution
		{70EE8193-F92A-4EB0-A380-96C8443DD74A}.Debug|Any CPU.ActiveCfg = Debug|Any CPU
		{70EE8193-F92A-4EB0-A380-96C8443DD74A}.Debug|Any CPU.Build.0 = Debug|Any CPU
		{70EE8193-F92A-4EB0-A380-96C8443DD74A}.Release|Any CPU.ActiveCfg = Release|Any CPU
		{70EE8193-F92A-4EB0-A380-96C8443DD74A}.Release|Any CPU.Build.0 = Release|Any CPU
	EndGlobalSection
	GlobalSection(SolutionProperties) = preSolution
		HideSolutionNode = FALSE
	EndGlobalSection
	GlobalSection(ExtensibilityGlobals) = postSolution
		SolutionGuid = {08B98F95-98A5-4833-B912-37696FCF6648}
	EndGlobalSection
EndGlobal
